
Microsoft Visual Studio Solution File, Format Version 12.00
# Visual Studio Version 16
VisualStudioVersion = 16.0.31112.23
MinimumVisualStudioVersion = 10.0.40219.1
Project("{9A19103F-16F7-4668-BE54-9A1E7A4F7556}") = "GraphQLDocumentationGenerator", "GraphQLDocumentationGenerator\GraphQLDocumentationGenerator.csproj", "{2E1A17EB-521E-4504-9848-18A4F987EBCB}"
EndProject
Project("{FAE04EC0-301F-11D3-BF4B-00C04F79EFBC}") = "GraphQLDocumentationGenerator.Web", "GraphQLDocumentationGenerator.Web\GraphQLDocumentationGenerator.Web.csproj", "{37B53BCC-EA18-4EB6-91FD-03B253C435BA}"
EndProject
Global
	GlobalSection(SolutionConfigurationPlatforms) = preSolution
		Debug|Any CPU = Debug|Any CPU
		Release|Any CPU = Release|Any CPU
	EndGlobalSection
	GlobalSection(ProjectConfigurationPlatforms) = postSolution
		{2E1A17EB-521E-4504-9848-18A4F987EBCB}.Debug|Any CPU.ActiveCfg = Debug|Any CPU
		{2E1A17EB-521E-4504-9848-18A4F987EBCB}.Debug|Any CPU.Build.0 = Debug|Any CPU
		{2E1A17EB-521E-4504-9848-18A4F987EBCB}.Release|Any CPU.ActiveCfg = Release|Any CPU
		{2E1A17EB-521E-4504-9848-18A4F987EBCB}.Release|Any CPU.Build.0 = Release|Any CPU
		{37B53BCC-EA18-4EB6-91FD-03B253C435BA}.Debug|Any CPU.ActiveCfg = Debug|Any CPU
		{37B53BCC-EA18-4EB6-91FD-03B253C435BA}.Debug|Any CPU.Build.0 = Debug|Any CPU
		{37B53BCC-EA18-4EB6-91FD-03B253C435BA}.Release|Any CPU.ActiveCfg = Release|Any CPU
		{37B53BCC-EA18-4EB6-91FD-03B253C435BA}.Release|Any CPU.Build.0 = Release|Any CPU
	EndGlobalSection
	GlobalSection(SolutionProperties) = preSolution
		HideSolutionNode = FALSE
	EndGlobalSection
	GlobalSection(ExtensibilityGlobals) = postSolution
		SolutionGuid = {A7F795B3-57C0-477F-912C-ED3BA7AAF188}
	EndGlobalSection
EndGlobal
